// !$*UTF8*$!
{
	archiveVersion = 1;
	classes = {
	};
	objectVersion = 50;
	objects = {

/* Begin PBXBuildFile section */
		86ABD05226EE1133004CCB42 /* AppDelegate.swift in Sources */ = {isa = PBXBuildFile; fileRef = 86ABD05126EE1133004CCB42 /* AppDelegate.swift */; };
		86ABD05426EE1133004CCB42 /* SceneDelegate.swift in Sources */ = {isa = PBXBuildFile; fileRef = 86ABD05326EE1133004CCB42 /* SceneDelegate.swift */; };
		86ABD05626EE1133004CCB42 /* MemoListScene.swift in Sources */ = {isa = PBXBuildFile; fileRef = 86ABD05526EE1133004CCB42 /* MemoListScene.swift */; };
		86ABD05926EE1133004CCB42 /* SwiftUIMemo.xcdatamodeld in Sources */ = {isa = PBXBuildFile; fileRef = 86ABD05726EE1133004CCB42 /* SwiftUIMemo.xcdatamodeld */; };
		86ABD05B26EE1134004CCB42 /* Assets.xcassets in Resources */ = {isa = PBXBuildFile; fileRef = 86ABD05A26EE1134004CCB42 /* Assets.xcassets */; };
		86ABD05E26EE1134004CCB42 /* Preview Assets.xcassets in Resources */ = {isa = PBXBuildFile; fileRef = 86ABD05D26EE1134004CCB42 /* Preview Assets.xcassets */; };
		86ABD06126EE1134004CCB42 /* LaunchScreen.storyboard in Resources */ = {isa = PBXBuildFile; fileRef = 86ABD05F26EE1134004CCB42 /* LaunchScreen.storyboard */; };
		86ABD06A26EE1324004CCB42 /* Memo.swift in Sources */ = {isa = PBXBuildFile; fileRef = 86ABD06926EE1324004CCB42 /* Memo.swift */; };
		86ABD06C26EE142B004CCB42 /* MemoStore.swift in Sources */ = {isa = PBXBuildFile; fileRef = 86ABD06B26EE142B004CCB42 /* MemoStore.swift */; };
		86ABD06F26EE17F8004CCB42 /* DateFormmatter+Memo.swift in Sources */ = {isa = PBXBuildFile; fileRef = 86ABD06E26EE17F8004CCB42 /* DateFormmatter+Memo.swift */; };
/* End PBXBuildFile section */

/* Begin PBXFileReference section */
		86ABD04E26EE1133004CCB42 /* SwiftUIMemo.app */ = {isa = PBXFileReference; explicitFileType = wrapper.application; includeInIndex = 0; path = SwiftUIMemo.app; sourceTree = BUILT_PRODUCTS_DIR; };
		86ABD05126EE1133004CCB42 /* AppDelegate.swift */ = {isa = PBXFileReference; lastKnownFileType = sourcecode.swift; path = AppDelegate.swift; sourceTree = "<group>"; };
		86ABD05326EE1133004CCB42 /* SceneDelegate.swift */ = {isa = PBXFileReference; lastKnownFileType = sourcecode.swift; path = SceneDelegate.swift; sourceTree = "<group>"; };
		86ABD05526EE1133004CCB42 /* MemoListScene.swift */ = {isa = PBXFileReference; lastKnownFileType = sourcecode.swift; path = MemoListScene.swift; sourceTree = "<group>"; };
		86ABD05826EE1133004CCB42 /* SwiftUIMemo.xcdatamodel */ = {isa = PBXFileReference; lastKnownFileType = wrapper.xcdatamodel; path = SwiftUIMemo.xcdatamodel; sourceTree = "<group>"; };
		86ABD05A26EE1134004CCB42 /* Assets.xcassets */ = {isa = PBXFileReference; lastKnownFileType = folder.assetcatalog; path = Assets.xcassets; sourceTree = "<group>"; };
		86ABD05D26EE1134004CCB42 /* Preview Assets.xcassets */ = {isa = PBXFileReference; lastKnownFileType = folder.assetcatalog; path = "Preview Assets.xcassets"; sourceTree = "<group>"; };
		86ABD06026EE1134004CCB42 /* Base */ = {isa = PBXFileReference; lastKnownFileType = file.storyboard; name = Base; path = Base.lproj/LaunchScreen.storyboard; sourceTree = "<group>"; };
		86ABD06226EE1134004CCB42 /* Info.plist */ = {isa = PBXFileReference; lastKnownFileType = text.plist.xml; path = Info.plist; sourceTree = "<group>"; };
		86ABD06926EE1324004CCB42 /* Memo.swift */ = {isa = PBXFileReference; lastKnownFileType = sourcecode.swift; path = Memo.swift; sourceTree = "<group>"; };
		86ABD06B26EE142B004CCB42 /* MemoStore.swift */ = {isa = PBXFileReference; lastKnownFileType = sourcecode.swift; path = MemoStore.swift; sourceTree = "<group>"; };
		86ABD06E26EE17F8004CCB42 /* DateFormmatter+Memo.swift */ = {isa = PBXFileReference; lastKnownFileType = sourcecode.swift; path = "DateFormmatter+Memo.swift"; sourceTree = "<group>"; };
/* End PBXFileReference section */

/* Begin PBXFrameworksBuildPhase section */
		86ABD04B26EE1133004CCB42 /* Frameworks */ = {
			isa = PBXFrameworksBuildPhase;
			buildActionMask = 2147483647;
			files = (
			);
			runOnlyForDeploymentPostprocessing = 0;
		};
/* End PBXFrameworksBuildPhase section */

/* Begin PBXGroup section */
		86ABD04526EE1133004CCB42 = {
			isa = PBXGroup;
			children = (
				86ABD05026EE1133004CCB42 /* SwiftUIMemo */,
				86ABD04F26EE1133004CCB42 /* Products */,
			);
			sourceTree = "<group>";
		};
		86ABD04F26EE1133004CCB42 /* Products */ = {
			isa = PBXGroup;
			children = (
				86ABD04E26EE1133004CCB42 /* SwiftUIMemo.app */,
			);
			name = Products;
			sourceTree = "<group>";
		};
		86ABD05026EE1133004CCB42 /* SwiftUIMemo */ = {
			isa = PBXGroup;
			children = (
				86ABD06D26EE17DB004CCB42 /* Extension */,
				86ABD06826EE12FB004CCB42 /* Model */,
				86ABD05126EE1133004CCB42 /* AppDelegate.swift */,
				86ABD05326EE1133004CCB42 /* SceneDelegate.swift */,
				86ABD05526EE1133004CCB42 /* MemoListScene.swift */,
				86ABD05A26EE1134004CCB42 /* Assets.xcassets */,
				86ABD05F26EE1134004CCB42 /* LaunchScreen.storyboard */,
				86ABD06226EE1134004CCB42 /* Info.plist */,
				86ABD05726EE1133004CCB42 /* SwiftUIMemo.xcdatamodeld */,
				86ABD05C26EE1134004CCB42 /* Preview Content */,
			);
			path = SwiftUIMemo;
			sourceTree = "<group>";
		};
		86ABD05C26EE1134004CCB42 /* Preview Content */ = {
			isa = PBXGroup;
			children = (
				86ABD05D26EE1134004CCB42 /* Preview Assets.xcassets */,
			);
			path = "Preview Content";
			sourceTree = "<group>";
		};
		86ABD06826EE12FB004CCB42 /* Model */ = {
			isa = PBXGroup;
			children = (
				86ABD06926EE1324004CCB42 /* Memo.swift */,
				86ABD06B26EE142B004CCB42 /* MemoStore.swift */,
			);
			path = Model;
			sourceTree = "<group>";
		};
		86ABD06D26EE17DB004CCB42 /* Extension */ = {
			isa = PBXGroup;
			children = (
				86ABD06E26EE17F8004CCB42 /* DateFormmatter+Memo.swift */,
			);
			path = Extension;
			sourceTree = "<group>";
		};
/* End PBXGroup section */

/* Begin PBXNativeTarget section */
		86ABD04D26EE1133004CCB42 /* SwiftUIMemo */ = {
			isa = PBXNativeTarget;
			buildConfigurationList = 86ABD06526EE1134004CCB42 /* Build configuration list for PBXNativeTarget "SwiftUIMemo" */;
			buildPhases = (
				86ABD04A26EE1133004CCB42 /* Sources */,
				86ABD04B26EE1133004CCB42 /* Frameworks */,
				86ABD04C26EE1133004CCB42 /* Resources */,
			);
			buildRules = (
			);
			dependencies = (
			);
			name = SwiftUIMemo;
			productName = SwiftUIMemo;
			productReference = 86ABD04E26EE1133004CCB42 /* SwiftUIMemo.app */;
			productType = "com.apple.product-type.application";
		};
/* End PBXNativeTarget section */

/* Begin PBXProject section */
		86ABD04626EE1133004CCB42 /* Project object */ = {
			isa = PBXProject;
			attributes = {
				LastSwiftUpdateCheck = 1250;
				LastUpgradeCheck = 1250;
				TargetAttributes = {
					86ABD04D26EE1133004CCB42 = {
						CreatedOnToolsVersion = 12.5;
					};
				};
			};
			buildConfigurationList = 86ABD04926EE1133004CCB42 /* Build configuration list for PBXProject "SwiftUIMemo" */;
			compatibilityVersion = "Xcode 9.3";
			developmentRegion = en;
			hasScannedForEncodings = 0;
			knownRegions = (
				en,
				Base,
			);
			mainGroup = 86ABD04526EE1133004CCB42;
			productRefGroup = 86ABD04F26EE1133004CCB42 /* Products */;
			projectDirPath = "";
			projectRoot = "";
			targets = (
				86ABD04D26EE1133004CCB42 /* SwiftUIMemo */,
			);
		};
/* End PBXProject section */

/* Begin PBXResourcesBuildPhase section */
		86ABD04C26EE1133004CCB42 /* Resources */ = {
			isa = PBXResourcesBuildPhase;
			buildActionMask = 2147483647;
			files = (
				86ABD06126EE1134004CCB42 /* LaunchScreen.storyboard in Resources */,
				86ABD05E26EE1134004CCB42 /* Preview Assets.xcassets in Resources */,
				86ABD05B26EE1134004CCB42 /* Assets.xcassets in Resources */,
			);
			runOnlyForDeploymentPostprocessing = 0;
		};
/* End PBXResourcesBuildPhase section */

/* Begin PBXSourcesBuildPhase section */
		86ABD04A26EE1133004CCB42 /* Sources */ = {
			isa = PBXSourcesBuildPhase;
			buildActionMask = 2147483647;
			files = (
				86ABD05226EE1133004CCB42 /* AppDelegate.swift in Sources */,
				86ABD06C26EE142B004CCB42 /* MemoStore.swift in Sources */,
				86ABD06F26EE17F8004CCB42 /* DateFormmatter+Memo.swift in Sources */,
				86ABD05926EE1133004CCB42 /* SwiftUIMemo.xcdatamodeld in Sources */,
				86ABD05426EE1133004CCB42 /* SceneDelegate.swift in Sources */,
				86ABD05626EE1133004CCB42 /* MemoListScene.swift in Sources */,
				86ABD06A26EE1324004CCB42 /* Memo.swift in Sources */,
			);
			runOnlyForDeploymentPostprocessing = 0;
		};
/* End PBXSourcesBuildPhase section */

/* Begin PBXVariantGroup section */
		86ABD05F26EE1134004CCB42 /* LaunchScreen.storyboard */ = {
			isa = PBXVariantGroup;
			children = (
				86ABD06026EE1134004CCB42 /* Base */,
			);
			name = LaunchScreen.storyboard;
			sourceTree = "<group>";
		};
/* End PBXVariantGroup section */

/* Begin XCBuildConfiguration section */
		86ABD06326EE1134004CCB42 /* Debug */ = {
			isa = XCBuildConfiguration;
			buildSettings = {
				ALWAYS_SEARCH_USER_PATHS = NO;
				CLANG_ANALYZER_NONNULL = YES;
				CLANG_ANALYZER_NUMBER_OBJECT_CONVERSION = YES_AGGRESSIVE;
				CLANG_CXX_LANGUAGE_STANDARD = "gnu++14";
				CLANG_CXX_LIBRARY = "libc++";
				CLANG_ENABLE_MODULES = YES;
				CLANG_ENABLE_OBJC_ARC = YES;
				CLANG_ENABLE_OBJC_WEAK = YES;
				CLANG_WARN_BLOCK_CAPTURE_AUTORELEASING = YES;
				CLANG_WARN_BOOL_CONVERSION = YES;
				CLANG_WARN_COMMA = YES;
				CLANG_WARN_CONSTANT_CONVERSION = YES;
				CLANG_WARN_DEPRECATED_OBJC_IMPLEMENTATIONS = YES;
				CLANG_WARN_DIRECT_OBJC_ISA_USAGE = YES_ERROR;
				CLANG_WARN_DOCUMENTATION_COMMENTS = YES;
				CLANG_WARN_EMPTY_BODY = YES;
				CLANG_WARN_ENUM_CONVERSION = YES;
				CLANG_WARN_INFINITE_RECURSION = YES;
				CLANG_WARN_INT_CONVERSION = YES;
				CLANG_WARN_NON_LITERAL_NULL_CONVERSION = YES;
				CLANG_WARN_OBJC_IMPLICIT_RETAIN_SELF = YES;
				CLANG_WARN_OBJC_LITERAL_CONVERSION = YES;
				CLANG_WARN_OBJC_ROOT_CLASS = YES_ERROR;
				CLANG_WARN_QUOTED_INCLUDE_IN_FRAMEWORK_HEADER = YES;
				CLANG_WARN_RANGE_LOOP_ANALYSIS = YES;
				CLANG_WARN_STRICT_PROTOTYPES = YES;
				CLANG_WARN_SUSPICIOUS_MOVE = YES;
				CLANG_WARN_UNGUARDED_AVAILABILITY = YES_AGGRESSIVE;
				CLANG_WARN_UNREACHABLE_CODE = YES;
				CLANG_WARN__DUPLICATE_METHOD_MATCH = YES;
				COPY_PHASE_STRIP = NO;
				DEBUG_INFORMATION_FORMAT = dwarf;
				ENABLE_STRICT_OBJC_MSGSEND = YES;
				ENABLE_TESTABILITY = YES;
				GCC_C_LANGUAGE_STANDARD = gnu11;
				GCC_DYNAMIC_NO_PIC = NO;
				GCC_NO_COMMON_BLOCKS = YES;
				GCC_OPTIMIZATION_LEVEL = 0;
				GCC_PREPROCESSOR_DEFINITIONS = (
					"DEBUG=1",
					"$(inherited)",
				);
				GCC_WARN_64_TO_32_BIT_CONVERSION = YES;
				GCC_WARN_ABOUT_RETURN_TYPE = YES_ERROR;
				GCC_WARN_UNDECLARED_SELECTOR = YES;
				GCC_WARN_UNINITIALIZED_AUTOS = YES_AGGRESSIVE;
				GCC_WARN_UNUSED_FUNCTION = YES;
				GCC_WARN_UNUSED_VARIABLE = YES;
				IPHONEOS_DEPLOYMENT_TARGET = 14.5;
				MTL_ENABLE_DEBUG_INFO = INCLUDE_SOURCE;
				MTL_FAST_MATH = YES;
				ONLY_ACTIVE_ARCH = YES;
				SDKROOT = iphoneos;
				SWIFT_ACTIVE_COMPILATION_CONDITIONS = DEBUG;
				SWIFT_OPTIMIZATION_LEVEL = "-Onone";
			};
			name = Debug;
		};
		86ABD06426EE1134004CCB42 /* Release */ = {
			isa = XCBuildConfiguration;
			buildSettings = {
				ALWAYS_SEARCH_USER_PATHS = NO;
				CLANG_ANALYZER_NONNULL = YES;
				CLANG_ANALYZER_NUMBER_OBJECT_CONVERSION = YES_AGGRESSIVE;
				CLANG_CXX_LANGUAGE_STANDARD = "gnu++14";
				CLANG_CXX_LIBRARY = "libc++";
				CLANG_ENABLE_MODULES = YES;
				CLANG_ENABLE_OBJC_ARC = YES;
				CLANG_ENABLE_OBJC_WEAK = YES;
				CLANG_WARN_BLOCK_CAPTURE_AUTORELEASING = YES;
				CLANG_WARN_BOOL_CONVERSION = YES;
				CLANG_WARN_COMMA = YES;
				CLANG_WARN_CONSTANT_CONVERSION = YES;
				CLANG_WARN_DEPRECATED_OBJC_IMPLEMENTATIONS = YES;
				CLANG_WARN_DIRECT_OBJC_ISA_USAGE = YES_ERROR;
				CLANG_WARN_DOCUMENTATION_COMMENTS = YES;
				CLANG_WARN_EMPTY_BODY = YES;
				CLANG_WARN_ENUM_CONVERSION = YES;
				CLANG_WARN_INFINITE_RECURSION = YES;
				CLANG_WARN_INT_CONVERSION = YES;
				CLANG_WARN_NON_LITERAL_NULL_CONVERSION = YES;
				CLANG_WARN_OBJC_IMPLICIT_RETAIN_SELF = YES;
				CLANG_WARN_OBJC_LITERAL_CONVERSION = YES;
				CLANG_WARN_OBJC_ROOT_CLASS = YES_ERROR;
				CLANG_WARN_QUOTED_INCLUDE_IN_FRAMEWORK_HEADER = YES;
				CLANG_WARN_RANGE_LOOP_ANALYSIS = YES;
				CLANG_WARN_STRICT_PROTOTYPES = YES;
				CLANG_WARN_SUSPICIOUS_MOVE = YES;
				CLANG_WARN_UNGUARDED_AVAILABILITY = YES_AGGRESSIVE;
				CLANG_WARN_UNREACHABLE_CODE = YES;
				CLANG_WARN__DUPLICATE_METHOD_MATCH = YES;
				COPY_PHASE_STRIP = NO;
				DEBUG_INFORMATION_FORMAT = "dwarf-with-dsym";
				ENABLE_NS_ASSERTIONS = NO;
				ENABLE_STRICT_OBJC_MSGSEND = YES;
				GCC_C_LANGUAGE_STANDARD = gnu11;
				GCC_NO_COMMON_BLOCKS = YES;
				GCC_WARN_64_TO_32_BIT_CONVERSION = YES;
				GCC_WARN_ABOUT_RETURN_TYPE = YES_ERROR;
				GCC_WARN_UNDECLARED_SELECTOR = YES;
				GCC_WARN_UNINITIALIZED_AUTOS = YES_AGGRESSIVE;
				GCC_WARN_UNUSED_FUNCTION = YES;
				GCC_WARN_UNUSED_VARIABLE = YES;
				IPHONEOS_DEPLOYMENT_TARGET = 14.5;
				MTL_ENABLE_DEBUG_INFO = NO;
				MTL_FAST_MATH = YES;
				SDKROOT = iphoneos;
				SWIFT_COMPILATION_MODE = wholemodule;
				SWIFT_OPTIMIZATION_LEVEL = "-O";
				VALIDATE_PRODUCT = YES;
			};
			name = Release;
		};
		86ABD06626EE1134004CCB42 /* Debug */ = {
			isa = XCBuildConfiguration;
			buildSettings = {
				ASSETCATALOG_COMPILER_APPICON_NAME = AppIcon;
				ASSETCATALOG_COMPILER_GLOBAL_ACCENT_COLOR_NAME = AccentColor;
				CODE_SIGN_STYLE = Automatic;
				DEVELOPMENT_ASSET_PATHS = "\"SwiftUIMemo/Preview Content\"";
				DEVELOPMENT_TEAM = 3R7XZ6SCLH;
				ENABLE_PREVIEWS = YES;
				INFOPLIST_FILE = SwiftUIMemo/Info.plist;
				LD_RUNPATH_SEARCH_PATHS = (
					"$(inherited)",
					"@executable_path/Frameworks",
				);
				PRODUCT_BUNDLE_IDENTIFIER = Jay5.SwiftUIMemo;
				PRODUCT_NAME = "$(TARGET_NAME)";
				SWIFT_VERSION = 5.0;
				TARGETED_DEVICE_FAMILY = "1,2";
			};
			name = Debug;
		};
		86ABD06726EE1134004CCB42 /* Release */ = {
			isa = XCBuildConfiguration;
			buildSettings = {
				ASSETCATALOG_COMPILER_APPICON_NAME = AppIcon;
				ASSETCATALOG_COMPILER_GLOBAL_ACCENT_COLOR_NAME = AccentColor;
				CODE_SIGN_STYLE = Automatic;
				DEVELOPMENT_ASSET_PATHS = "\"SwiftUIMemo/Preview Content\"";
				DEVELOPMENT_TEAM = 3R7XZ6SCLH;
				ENABLE_PREVIEWS = YES;
				INFOPLIST_FILE = SwiftUIMemo/Info.plist;
				LD_RUNPATH_SEARCH_PATHS = (
					"$(inherited)",
					"@executable_path/Frameworks",
				);
				PRODUCT_BUNDLE_IDENTIFIER = Jay5.SwiftUIMemo;
				PRODUCT_NAME = "$(TARGET_NAME)";
				SWIFT_VERSION = 5.0;
				TARGETED_DEVICE_FAMILY = "1,2";
			};
			name = Release;
		};
/* End XCBuildConfiguration section */

/* Begin XCConfigurationList section */
		86ABD04926EE1133004CCB42 /* Build configuration list for PBXProject "SwiftUIMemo" */ = {
			isa = XCConfigurationList;
			buildConfigurations = (
				86ABD06326EE1134004CCB42 /* Debug */,
				86ABD06426EE1134004CCB42 /* Release */,
			);
			defaultConfigurationIsVisible = 0;
			defaultConfigurationName = Release;
		};
		86ABD06526EE1134004CCB42 /* Build configuration list for PBXNativeTarget "SwiftUIMemo" */ = {
			isa = XCConfigurationList;
			buildConfigurations = (
				86ABD06626EE1134004CCB42 /* Debug */,
				86ABD06726EE1134004CCB42 /* Release */,
			);
			defaultConfigurationIsVisible = 0;
			defaultConfigurationName = Release;
		};
/* End XCConfigurationList section */

/* Begin XCVersionGroup section */
		86ABD05726EE1133004CCB42 /* SwiftUIMemo.xcdatamodeld */ = {
			isa = XCVersionGroup;
			children = (
				86ABD05826EE1133004CCB42 /* SwiftUIMemo.xcdatamodel */,
			);
			currentVersion = 86ABD05826EE1133004CCB42 /* SwiftUIMemo.xcdatamodel */;
			path = SwiftUIMemo.xcdatamodeld;
			sourceTree = "<group>";
			versionGroupType = wrapper.xcdatamodel;
		};
/* End XCVersionGroup section */
	};
	rootObject = 86ABD04626EE1133004CCB42 /* Project object */;
}
